Microsoft Visual Studio Solution File, Format Version 12.00
# Visual Studio Version 17
VisualStudioVersion = 17.5.2.0
MinimumVisualStudioVersion = 10.0.40219.1
Project("{FAE04EC0-301F-11D3-BF4B-00C04F79EFBC}") = "PAGINA_LOGIN", "PAGINA_LOGIN.csproj", "{947E2CF6-C19D-E46A-9893-0873080294FD}"
EndProject
Global
	GlobalSection(SolutionConfigurationPlatforms) = preSolution
		Debug|Any CPU = Debug|Any CPU
		Release|Any CPU = Release|Any CPU
	EndGlobalSection
	GlobalSection(ProjectConfigurationPlatforms) = postSolution
		{947E2CF6-C19D-E46A-9893-0873080294FD}.Debug|Any CPU.ActiveCfg = Debug|Any CPU
		{947E2CF6-C19D-E46A-9893-0873080294FD}.Debug|Any CPU.Build.0 = Debug|Any CPU
		{947E2CF6-C19D-E46A-9893-0873080294FD}.Release|Any CPU.ActiveCfg = Release|Any CPU
		{947E2CF6-C19D-E46A-9893-0873080294FD}.Release|Any CPU.Build.0 = Release|Any CPU
	EndGlobalSection
	GlobalSection(SolutionProperties) = preSolution
		HideSolutionNode = FALSE
	EndGlobalSection
	GlobalSection(ExtensibilityGlobals) = postSolution
		SolutionGuid = {F6671268-FF5D-462D-B5E9-CC4AFC392BC7}
	EndGlobalSection
EndGlobal
